
Microsoft Visual Studio Solution File, Format Version 12.00
# Visual Studio Version 16
VisualStudioVersion = 16.0.29519.181
MinimumVisualStudioVersion = 10.0.40219.1
Project("{FAE04EC0-301F-11D3-BF4B-00C04F79EFBC}") = "hw3_6", "hw3_6.csproj", "{561EEF15-52D2-4317-96A7-C88238CD894F}"
EndProject
Global
	GlobalSection(SolutionConfigurationPlatforms) = preSolution
		Debug|Any CPU = Debug|Any CPU
		Release|Any CPU = Release|Any CPU
	EndGlobalSection
	GlobalSection(ProjectConfigurationPlatforms) = postSolution
		{561EEF15-52D2-4317-96A7-C88238CD894F}.Debug|Any CPU.ActiveCfg = Debug|Any CPU
		{561EEF15-52D2-4317-96A7-C88238CD894F}.Debug|Any CPU.Build.0 = Debug|Any CPU
		{561EEF15-52D2-4317-96A7-C88238CD894F}.Release|Any CPU.ActiveCfg = Release|Any CPU
		{561EEF15-52D2-4317-96A7-C88238CD894F}.Release|Any CPU.Build.0 = Release|Any CPU
	EndGlobalSection
	GlobalSection(SolutionProperties) = preSolution
		HideSolutionNode = FALSE
	EndGlobalSection
	GlobalSection(ExtensibilityGlobals) = postSolution
		SolutionGuid = {29CD07B2-0ED0-4B39-B4C7-AA04788FF600}
	EndGlobalSection
EndGlobal
