
Microsoft Visual Studio Solution File, Format Version 12.00
# Visual Studio Version 16
VisualStudioVersion = 16.0.29519.181
MinimumVisualStudioVersion = 10.0.40219.1
Project("{FAE04EC0-301F-11D3-BF4B-00C04F79EFBC}") = "hw3_5", "hw3_5.csproj", "{5C87DEB6-BE50-40AB-9D30-B0C0B2DA6149}"
EndProject
Global
	GlobalSection(SolutionConfigurationPlatforms) = preSolution
		Debug|Any CPU = Debug|Any CPU
		Release|Any CPU = Release|Any CPU
	EndGlobalSection
	GlobalSection(ProjectConfigurationPlatforms) = postSolution
		{5C87DEB6-BE50-40AB-9D30-B0C0B2DA6149}.Debug|Any CPU.ActiveCfg = Debug|Any CPU
		{5C87DEB6-BE50-40AB-9D30-B0C0B2DA6149}.Debug|Any CPU.Build.0 = Debug|Any CPU
		{5C87DEB6-BE50-40AB-9D30-B0C0B2DA6149}.Release|Any CPU.ActiveCfg = Release|Any CPU
		{5C87DEB6-BE50-40AB-9D30-B0C0B2DA6149}.Release|Any CPU.Build.0 = Release|Any CPU
	EndGlobalSection
	GlobalSection(SolutionProperties) = preSolution
		HideSolutionNode = FALSE
	EndGlobalSection
	GlobalSection(ExtensibilityGlobals) = postSolution
		SolutionGuid = {50E0A54A-0802-42F2-B349-265A62F5B499}
	EndGlobalSection
EndGlobal
