
Microsoft Visual Studio Solution File, Format Version 12.00
# Visual Studio Version 16
VisualStudioVersion = 16.0.29519.181
MinimumVisualStudioVersion = 10.0.40219.1
Project("{FAE04EC0-301F-11D3-BF4B-00C04F79EFBC}") = "3hw_3", "3hw_3.csproj", "{CE48D0D1-D09E-47BF-8D54-D39F7384E268}"
EndProject
Global
	GlobalSection(SolutionConfigurationPlatforms) = preSolution
		Debug|Any CPU = Debug|Any CPU
		Release|Any CPU = Release|Any CPU
	EndGlobalSection
	GlobalSection(ProjectConfigurationPlatforms) = postSolution
		{CE48D0D1-D09E-47BF-8D54-D39F7384E268}.Debug|Any CPU.ActiveCfg = Debug|Any CPU
		{CE48D0D1-D09E-47BF-8D54-D39F7384E268}.Debug|Any CPU.Build.0 = Debug|Any CPU
		{CE48D0D1-D09E-47BF-8D54-D39F7384E268}.Release|Any CPU.ActiveCfg = Release|Any CPU
		{CE48D0D1-D09E-47BF-8D54-D39F7384E268}.Release|Any CPU.Build.0 = Release|Any CPU
	EndGlobalSection
	GlobalSection(SolutionProperties) = preSolution
		HideSolutionNode = FALSE
	EndGlobalSection
	GlobalSection(ExtensibilityGlobals) = postSolution
		SolutionGuid = {CFACBBC1-EBAB-408F-9CC6-AB32BADB79BC}
	EndGlobalSection
EndGlobal
