
Microsoft Visual Studio Solution File, Format Version 12.00
# Visual Studio Version 16
VisualStudioVersion = 16.0.29519.181
MinimumVisualStudioVersion = 10.0.40219.1
Project("{FAE04EC0-301F-11D3-BF4B-00C04F79EFBC}") = "3hw_4", "3hw_4.csproj", "{FCD96884-FB27-4F89-9E53-71301F200B5B}"
EndProject
Global
	GlobalSection(SolutionConfigurationPlatforms) = preSolution
		Debug|Any CPU = Debug|Any CPU
		Release|Any CPU = Release|Any CPU
	EndGlobalSection
	GlobalSection(ProjectConfigurationPlatforms) = postSolution
		{FCD96884-FB27-4F89-9E53-71301F200B5B}.Debug|Any CPU.ActiveCfg = Debug|Any CPU
		{FCD96884-FB27-4F89-9E53-71301F200B5B}.Debug|Any CPU.Build.0 = Debug|Any CPU
		{FCD96884-FB27-4F89-9E53-71301F200B5B}.Release|Any CPU.ActiveCfg = Release|Any CPU
		{FCD96884-FB27-4F89-9E53-71301F200B5B}.Release|Any CPU.Build.0 = Release|Any CPU
	EndGlobalSection
	GlobalSection(SolutionProperties) = preSolution
		HideSolutionNode = FALSE
	EndGlobalSection
	GlobalSection(ExtensibilityGlobals) = postSolution
		SolutionGuid = {7EE5E970-6365-4324-BFC1-B9D922C75DF7}
	EndGlobalSection
EndGlobal
