
Microsoft Visual Studio Solution File, Format Version 12.00
# Visual Studio Version 16
VisualStudioVersion = 16.0.29519.181
MinimumVisualStudioVersion = 10.0.40219.1
Project("{FAE04EC0-301F-11D3-BF4B-00C04F79EFBC}") = "hello_world", "hello_world.csproj", "{F20A543D-19D9-4B43-BEF3-AF2A14E9BBC3}"
EndProject
Global
	GlobalSection(SolutionConfigurationPlatforms) = preSolution
		Debug|Any CPU = Debug|Any CPU
		Release|Any CPU = Release|Any CPU
	EndGlobalSection
	GlobalSection(ProjectConfigurationPlatforms) = postSolution
		{F20A543D-19D9-4B43-BEF3-AF2A14E9BBC3}.Debug|Any CPU.ActiveCfg = Debug|Any CPU
		{F20A543D-19D9-4B43-BEF3-AF2A14E9BBC3}.Debug|Any CPU.Build.0 = Debug|Any CPU
		{F20A543D-19D9-4B43-BEF3-AF2A14E9BBC3}.Release|Any CPU.ActiveCfg = Release|Any CPU
		{F20A543D-19D9-4B43-BEF3-AF2A14E9BBC3}.Release|Any CPU.Build.0 = Release|Any CPU
	EndGlobalSection
	GlobalSection(SolutionProperties) = preSolution
		HideSolutionNode = FALSE
	EndGlobalSection
	GlobalSection(ExtensibilityGlobals) = postSolution
		SolutionGuid = {47F60E81-659E-4068-8C62-0C65216AC8EE}
	EndGlobalSection
EndGlobal
